github.com/Sirupsen/logrus v1.0.2-0.20170713114250-a3f95b5c4235 h1:m190Z0077f/CDftqBTbt7IlAqkmvkPEafq0byCfeisg=
github.com/Sirupsen/logrus v1.0.2-0.20170713114250-a3f95b5c4235/go.mod h1:rmk17hk6i8ZSAJkSDa7nOxamrG+SP4P0mm+DAvExv4U=
github.com/comail/colog v0.0.0-20160416085026-fba8e7b1f46c h1:bzYQ6WpR+t35/y19HUkolcg7SYeWZ15IclC9Z4naGHI=
github.com/comail/colog v0.0.0-20160416085026-fba8e7b1f46c/go.mod h1:1WwgAwMKQLYG5I2FBhpVx94YTOAuB2W59IZ7REjSE6Y=
github.com/coreos/go-iptables v0.2.0 h1:RmVRALeVCicZcF3rF05e0ooU9x9TmalN0HcT4hkhG5s=
github.com/coreos/go-iptables v0.2.0/go.mod h1:/mVI274lEDI2ns62jHCDnCyBF9Iwsmekav8Dbxlm1MU=
github.com/cybozu-go/cmd v1.5.0 h1:ootYtwvAikKShkE6NRwAVGID7x1BrQwVH7IDeqFe8zM=
github.com/cybozu-go/cmd v1.5.0/go.mod h1:VW0nNKV31B3qvEhHZI26Rjgq5afWYm6Ulai24Qkgx5M=
github.com/cybozu-go/log v1.4.1 h1:EGx01xTw+ZJEM/sJcTyHm++VFqN2WUlnOi1zMOd6ZJQ=
github.com/cybozu-go/log v1.4.1/go.mod h1:qS5RWuo80yknMR3he2WCWxqfVlbOuSFMz0r1mJwS018=
github.com/cybozu-go/netutil v1.1.0 h1:9o33zFrGqXpexOX3hlrN4ebYwQvThr9UP33md7mGNmc=
github.com/cybozu-go/netutil v1.1.0/go.mod h1:UiOBRGyD1OiABE7Hk2bXac0mqDwuG4xMQc7T5XidXRA=
github.com/cybozu-go/transocks v1.0.0 h1:IyemjpF4TA/5qJd2royU4fjWBwpJKmFpi1tvCkE39dg=
github.com/cybozu-go/transocks v1.0.0/go.mod h1:CXrq7WldMyROCLqg8JLxvhxxr8b8inYS/GjJ08b9UyQ=
github.com/elazarl/goproxy v0.0.0-20170413182129-aacba83f36a5 h1:6hndtckUKiV+txASiPN72sRWuHJQycm6B9BI18YYmzs=
github.com/elazarl/goproxy v0.0.0-20170413182129-aacba83f36a5/go.mod h1:/Zj4wYkgs4iZTTu3o/KG3Itv/qCCa8VVMlb3i9OVuzc=
github.com/fardog/secureoperator v2.1.0+incompatible h1:l0nfc8iv87iAa6FBgRnH9wnFkfKHMnVJhQFVhaLZfQ8=
github.com/fardog/secureoperator v2.1.0+incompatible/go.mod h1:N/UFQradwwlO7ZCxDMWHPRdXW6D+nnEU6nQ8Zo0o9T4=
github.com/inconshreveable/go-vhost v0.0.0-20160627193104-06d84117953b h1:IpLPmn6Re21F0MaV6Zsc5RdSE6KuoFpWmHiUSEs3PrE=
github.com/inconshreveable/go-vhost v0.0.0-20160627193104-06d84117953b/go.mod h1:aA6DnFhALT3zH0y+A39we+zbrdMC2N0X/q21e6FI0LU=
github.com/miekg/dns v0.0.0-20170812192144-0598bd43cf51 h1:hZ1ngpLE9G7RaoMM6LlixdiCedgR4GhqzOYBcarqaho=
github.com/miekg/dns v0.0.0-20170812192144-0598bd43cf51/go.mod h1:W1PPwlIAgtquWBMBEV9nkV9Cazfe8ScdGz/Lj7v3Nrg=
github.com/pkg/errors v0.8.0 h1:WdK/asTD0HN+q6hsWO3/vpuAkAr+tw6aNJNDFFf0+qw=
github.com/pkg/errors v0.8.0/go.mod h1:bwawxfHBFNV+L2hUp1rHADufV3IMtnDRdf1r5NINEl0=
golang.org/x/net v0.0.0-20170809000501-1c05540f6879 h1:0rFa7EaCGdQPmZVbo9F7MNF65b8dyzS6EUnXjs9Cllk=
golang.org/x/net v0.0.0-20170809000501-1c05540f6879/go.mod h1:mL1N/T3taQHkDXs73rZJwtUhF3w3ftmwwsq0BUmARs4=
golang.org/x/sys v0.0.0-20170814191752-2d3e384235de/go.mod h1:STP8DvDyc/dI5b8T5hshtkjS+E42TnysNCUPdjciGhY=
